{
  "version": "3",
  "packages": {
    "specifiers": {
      "jsr:@jd1378/another-cookiejar@^5.0.7": "jsr:@jd1378/another-cookiejar@5.0.7",
      "jsr:@planigale/body-parser": "jsr:@planigale/body-parser@0.2.0",
      "jsr:@planigale/planigale": "jsr:@planigale/planigale@0.6.3",
      "jsr:@planigale/planigale@^0.6.1": "jsr:@planigale/planigale@0.6.3",
      "jsr:@planigale/planigale@^0.6.2": "jsr:@planigale/planigale@0.6.3",
      "jsr:@planigale/planigale@^0.6.3": "jsr:@planigale/planigale@0.6.3",
      "jsr:@planigale/schema": "jsr:@planigale/schema@0.1.3",
      "jsr:@planigale/sse": "jsr:@planigale/sse@0.2.2",
      "jsr:@planigale/sse@^0.2.2": "jsr:@planigale/sse@0.2.2",
      "jsr:@planigale/testing": "jsr:@planigale/testing@0.3.3",
      "jsr:@std/assert@^1.0.0": "jsr:@std/assert@1.0.6",
      "jsr:@std/assert@^1.0.1": "jsr:@std/assert@1.0.6",
      "jsr:@std/async@^1.0.0-rc.1": "jsr:@std/async@1.0.5",
      "jsr:@std/bytes@^1.0.0-rc.3": "jsr:@std/bytes@1.0.2",
      "jsr:@std/bytes@^1.0.2": "jsr:@std/bytes@1.0.2",
      "jsr:@std/cli@^0.224.7": "jsr:@std/cli@0.224.7",
      "jsr:@std/encoding@1.0.0-rc.2": "jsr:@std/encoding@1.0.0-rc.2",
      "jsr:@std/fmt@^0.225.4": "jsr:@std/fmt@0.225.6",
      "jsr:@std/fs": "jsr:@std/fs@1.0.4",
      "jsr:@std/http@^0.224.5": "jsr:@std/http@0.224.5",
      "jsr:@std/internal@^1.0.4": "jsr:@std/internal@1.0.4",
      "jsr:@std/io@^0.224.1": "jsr:@std/io@0.224.9",
      "jsr:@std/media-types@1.0.2": "jsr:@std/media-types@1.0.2",
      "jsr:@std/media-types@^1.0.0-rc.1": "jsr:@std/media-types@1.0.2",
      "jsr:@std/media-types@^1.0.2": "jsr:@std/media-types@1.0.2",
      "jsr:@std/net@^0.224.3": "jsr:@std/net@0.224.5",
      "jsr:@std/path": "jsr:@std/path@1.0.6",
      "jsr:@std/path@1.0.0-rc.2": "jsr:@std/path@1.0.0-rc.2",
      "jsr:@std/path@1.0.1": "jsr:@std/path@1.0.1",
      "jsr:@std/path@^1.0.0": "jsr:@std/path@1.0.6",
      "jsr:@std/path@^1.0.1": "jsr:@std/path@1.0.6",
      "jsr:@std/path@^1.0.6": "jsr:@std/path@1.0.6",
      "jsr:@std/streams@^0.224.5": "jsr:@std/streams@0.224.5",
      "jsr:@ts-rex/bcrypt@^1.0.3": "jsr:@ts-rex/bcrypt@1.0.3",
      "npm:@types/json-schema@^7.0.15": "npm:@types/json-schema@7.0.15",
      "npm:@types/node": "npm:@types/node@18.16.19",
      "npm:ajv@^8.17.1": "npm:ajv@8.17.1",
      "npm:google-auth-library": "npm:google-auth-library@9.14.1",
      "npm:mongodb@^6.8.0": "npm:mongodb@6.9.0",
      "npm:qs@^6.12.2": "npm:qs@6.13.0",
      "npm:qs@^6.12.3": "npm:qs@6.13.0",
      "npm:sharp@0.33.0": "npm:sharp@0.33.0",
      "npm:valibot@^0.31.1": "npm:valibot@0.31.1",
      "npm:web-push@^3.6.7": "npm:web-push@3.6.7"
    },
    "jsr": {
      "@jd1378/another-cookiejar@5.0.7": {
        "integrity": "788e22828dd428aaebaedc9acbed6ae7033cc240982a10fcfc34aa72dcf01088"
      },
      "@planigale/body-parser@0.2.0": {
        "integrity": "0a0581bef81201d615b017cde9c460a7d380c315f4535b6b4d46509064641c8e",
        "dependencies": [
          "jsr:@planigale/planigale@^0.6.1",
          "jsr:@std/streams@^0.224.5",
          "npm:qs@^6.12.3"
        ]
      },
      "@planigale/planigale@0.6.3": {
        "integrity": "af8dcf3b6e6b267eeebf2b852fa8d61fd38ad29020ae4d8983cd8b16514643d5",
        "dependencies": [
          "jsr:@planigale/sse@^0.2.2",
          "jsr:@std/http@^0.224.5",
          "jsr:@std/media-types@1.0.2",
          "jsr:@std/path@1.0.1",
          "npm:@types/json-schema@^7.0.15",
          "npm:qs@^6.12.2"
        ]
      },
      "@planigale/schema@0.1.3": {
        "integrity": "1807b6b8a5184c1ffa918b0f04c79179c39128ecaa9d68df8eed1b99e758dd7d",
        "dependencies": [
          "jsr:@planigale/planigale@^0.6.2",
          "npm:ajv@^8.17.1"
        ]
      },
      "@planigale/sse@0.2.2": {
        "integrity": "ef8906183a0646f41e5d5a8f04d8a49a35143afa1122d1bc273f0ea57a86240c",
        "dependencies": [
          "jsr:@std/streams@^0.224.5"
        ]
      },
      "@planigale/testing@0.3.3": {
        "integrity": "02bcb67768c23960a8dc018de8ef8da14e579baf4bfb1644655123c51d3515f9",
        "dependencies": [
          "jsr:@jd1378/another-cookiejar@^5.0.7",
          "jsr:@planigale/planigale@^0.6.3",
          "jsr:@planigale/sse@^0.2.2",
          "jsr:@std/assert@^1.0.0",
          "jsr:@std/media-types@1.0.2",
          "jsr:@std/path@1.0.1"
        ]
      },
      "@std/assert@1.0.6": {
        "integrity": "1904c05806a25d94fe791d6d883b685c9e2dcd60e4f9fc30f4fc5cf010c72207",
        "dependencies": [
          "jsr:@std/internal@^1.0.4"
        ]
      },
      "@std/async@1.0.5": {
        "integrity": "31d68214bfbb31bd4c6022401d484e3964147c76c9220098baa703a39b6c2da6"
      },
      "@std/bytes@1.0.2": {
        "integrity": "fbdee322bbd8c599a6af186a1603b3355e59a5fb1baa139f8f4c3c9a1b3e3d57"
      },
      "@std/cli@0.224.7": {
        "integrity": "654ca6477518e5e3a0d3fabafb2789e92b8c0febf1a1d24ba4b567aba94b5977"
      },
      "@std/encoding@1.0.0-rc.2": {
        "integrity": "160d7674a20ebfbccdf610b3801fee91cf6e42d1c106dd46bbaf46e395cd35ef"
      },
      "@std/fmt@0.225.6": {
        "integrity": "aba6aea27f66813cecfd9484e074a9e9845782ab0685c030e453a8a70b37afc8"
      },
      "@std/fs@1.0.4": {
        "integrity": "2907d32d8d1d9e540588fd5fe0ec21ee638134bd51df327ad4e443aaef07123c",
        "dependencies": [
          "jsr:@std/path@^1.0.6"
        ]
      },
      "@std/http@0.224.5": {
        "integrity": "b03b5d1529f6c423badfb82f6640f9f2557b4034cd7c30655ba5bb447ff750a4",
        "dependencies": [
          "jsr:@std/async@^1.0.0-rc.1",
          "jsr:@std/cli@^0.224.7",
          "jsr:@std/encoding@1.0.0-rc.2",
          "jsr:@std/fmt@^0.225.4",
          "jsr:@std/media-types@^1.0.0-rc.1",
          "jsr:@std/net@^0.224.3",
          "jsr:@std/path@1.0.0-rc.2",
          "jsr:@std/streams@^0.224.5"
        ]
      },
      "@std/internal@1.0.4": {
        "integrity": "62e8e4911527e5e4f307741a795c0b0a9e6958d0b3790716ae71ce085f755422"
      },
      "@std/io@0.224.9": {
        "integrity": "4414664b6926f665102e73c969cfda06d2c4c59bd5d0c603fd4f1b1c840d6ee3",
        "dependencies": [
          "jsr:@std/bytes@^1.0.2"
        ]
      },
      "@std/media-types@1.0.2": {
        "integrity": "abb78dc8f7d88141cba8c4d60fc1e8b421e5c7b0d7c84f2f708bc666cad46784"
      },
      "@std/net@0.224.5": {
        "integrity": "9c2ae90a5c3dc7771da5ae5e13b6f7d5d0b316c1954c5d53f2bfc1129fb757ff"
      },
      "@std/path@1.0.0-rc.2": {
        "integrity": "39f20d37a44d1867abac8d91c169359ea6e942237a45a99ee1e091b32b921c7d"
      },
      "@std/path@1.0.1": {
        "integrity": "e061ff02c28481ca49e3a14981875c345e9fc7e973190672782cd0ac8af70428"
      },
      "@std/path@1.0.6": {
        "integrity": "ab2c55f902b380cf28e0eec501b4906e4c1960d13f00e11cfbcd21de15f18fed"
      },
      "@std/streams@0.224.5": {
        "integrity": "bcde7818dd5460d474cdbd674b15f6638b9cd73cd64e52bd852fba2bd4d8ec91",
        "dependencies": [
          "jsr:@std/bytes@^1.0.0-rc.3",
          "jsr:@std/io@^0.224.1"
        ]
      },
      "@ts-rex/bcrypt@1.0.3": {
        "integrity": "1a172769df1a357032e78cc13205dc34cc13f2307a2b81458bf988904ec8db02"
      }
    },
    "npm": {
      "@emnapi/runtime@0.44.0": {
        "integrity": "sha512-ZX/etZEZw8DR7zAB1eVQT40lNo0jeqpb6dCgOvctB6FIQ5PoXfMuNY8+ayQfu8tNQbAB8gQWSSJupR8NxeiZXw==",
        "dependencies": {
          "tslib": "tslib@2.7.0"
        }
      },
      "@img/sharp-darwin-arm64@0.33.0": {
        "integrity": "sha512-070tEheekI1LJWTGPC9WlQEa5UoKTXzzlORBHMX4TbfUxMiL336YHR8vBEUNsjse0RJCX8dZ4ZXwT595aEF1ug==",
        "dependencies": {
          "@img/sharp-libvips-darwin-arm64": "@img/sharp-libvips-darwin-arm64@1.0.0"
        }
      },
      "@img/sharp-darwin-x64@0.33.0": {
        "integrity": "sha512-pu/nvn152F3qbPeUkr+4e9zVvEhD3jhwzF473veQfMPkOYo9aoWXSfdZH/E6F+nYC3qvFjbxbvdDbUtEbghLqw==",
        "dependencies": {
          "@img/sharp-libvips-darwin-x64": "@img/sharp-libvips-darwin-x64@1.0.0"
        }
      },
      "@img/sharp-libvips-darwin-arm64@1.0.0": {
        "integrity": "sha512-VzYd6OwnUR81sInf3alj1wiokY50DjsHz5bvfnsFpxs5tqQxESoHtJO6xyksDs3RIkyhMWq2FufXo6GNSU9BMw==",
        "dependencies": {}
      },
      "@img/sharp-libvips-darwin-x64@1.0.0": {
        "integrity": "sha512-dD9OznTlHD6aovRswaPNEy8dKtSAmNo4++tO7uuR4o5VxbVAOoEQ1uSmN4iFAdQneTHws1lkTZeiXPrcCkh6IA==",
        "dependencies": {}
      },
      "@img/sharp-libvips-linux-arm64@1.0.0": {
        "integrity": "sha512-xTYThiqEZEZc0PRU90yVtM3KE7lw1bKdnDQ9kCTHWbqWyHOe4NpPOtMGy27YnN51q0J5dqRrvicfPbALIOeAZA==",
        "dependencies": {}
      },
      "@img/sharp-libvips-linux-arm@1.0.0": {
        "integrity": "sha512-VwgD2eEikDJUk09Mn9Dzi1OW2OJFRQK+XlBTkUNmAWPrtj8Ly0yq05DFgu1VCMx2/DqCGQVi5A1dM9hTmxf3uw==",
        "dependencies": {}
      },
      "@img/sharp-libvips-linux-s390x@1.0.0": {
        "integrity": "sha512-o9E46WWBC6JsBlwU4QyU9578G77HBDT1NInd+aERfxeOPbk0qBZHgoDsQmA2v9TbqJRWzoBPx1aLOhprBMgPjw==",
        "dependencies": {}
      },
      "@img/sharp-libvips-linux-x64@1.0.0": {
        "integrity": "sha512-naldaJy4hSVhWBgEjfdBY85CAa4UO+W1nx6a1sWStHZ7EUfNiuBTTN2KUYT5dH1+p/xij1t2QSXfCiFJoC5S/Q==",
        "dependencies": {}
      },
      "@img/sharp-libvips-linuxmusl-arm64@1.0.0": {
        "integrity": "sha512-OdorplCyvmSAPsoJLldtLh3nLxRrkAAAOHsGWGDYfN0kh730gifK+UZb3dWORRa6EusNqCTjfXV4GxvgJ/nPDQ==",
        "dependencies": {}
      },
      "@img/sharp-libvips-linuxmusl-x64@1.0.0": {
        "integrity": "sha512-FW8iK6rJrg+X2jKD0Ajhjv6y74lToIBEvkZhl42nZt563FfxkCYacrXZtd+q/sRQDypQLzY5WdLkVTbJoPyqNg==",
        "dependencies": {}
      },
      "@img/sharp-linux-arm64@0.33.0": {
        "integrity": "sha512-dcomVSrtgF70SyOr8RCOCQ8XGVThXwe71A1d8MGA+mXEVRJ/J6/TrCbBEJh9ddcEIIsrnrkolaEvYSHqVhswQw==",
        "dependencies": {
          "@img/sharp-libvips-linux-arm64": "@img/sharp-libvips-linux-arm64@1.0.0"
        }
      },
      "@img/sharp-linux-arm@0.33.0": {
        "integrity": "sha512-4horD3wMFd5a0ddbDY8/dXU9CaOgHjEHALAddXgafoR5oWq5s8X61PDgsSeh4Qupsdo6ycfPPSSNBrfVQnwwrg==",
        "dependencies": {
          "@img/sharp-libvips-linux-arm": "@img/sharp-libvips-linux-arm@1.0.0"
        }
      },
      "@img/sharp-linux-s390x@0.33.0": {
        "integrity": "sha512-TiVJbx38J2rNVfA309ffSOB+3/7wOsZYQEOlKqOUdWD/nqkjNGrX+YQGz7nzcf5oy2lC+d37+w183iNXRZNngQ==",
        "dependencies": {
          "@img/sharp-libvips-linux-s390x": "@img/sharp-libvips-linux-s390x@1.0.0"
        }
      },
      "@img/sharp-linux-x64@0.33.0": {
        "integrity": "sha512-PaZM4Zi7/Ek71WgTdvR+KzTZpBqrQOFcPe7/8ZoPRlTYYRe43k6TWsf4GVH6XKRLMYeSp8J89RfAhBrSP4itNA==",
        "dependencies": {
          "@img/sharp-libvips-linux-x64": "@img/sharp-libvips-linux-x64@1.0.0"
        }
      },
      "@img/sharp-linuxmusl-arm64@0.33.0": {
        "integrity": "sha512-1QLbbN0zt+32eVrg7bb1lwtvEaZwlhEsY1OrijroMkwAqlHqFj6R33Y47s2XUv7P6Ie1PwCxK/uFnNqMnkd5kg==",
        "dependencies": {
          "@img/sharp-libvips-linuxmusl-arm64": "@img/sharp-libvips-linuxmusl-arm64@1.0.0"
        }
      },
      "@img/sharp-linuxmusl-x64@0.33.0": {
        "integrity": "sha512-CecqgB/CnkvCWFhmfN9ZhPGMLXaEBXl4o7WtA6U3Ztrlh/s7FUKX4vNxpMSYLIrWuuzjiaYdfU3+Tdqh1xaHfw==",
        "dependencies": {
          "@img/sharp-libvips-linuxmusl-x64": "@img/sharp-libvips-linuxmusl-x64@1.0.0"
        }
      },
      "@img/sharp-wasm32@0.33.0": {
        "integrity": "sha512-Hn4js32gUX9qkISlemZBUPuMs0k/xNJebUNl/L6djnU07B/HAA2KaxRVb3HvbU5fL242hLOcp0+tR+M8dvJUFw==",
        "dependencies": {
          "@emnapi/runtime": "@emnapi/runtime@0.44.0"
        }
      },
      "@img/sharp-win32-ia32@0.33.0": {
        "integrity": "sha512-5HfcsCZi3l5nPRF2q3bllMVMDXBqEWI3Q8KQONfzl0TferFE5lnsIG0A1YrntMAGqvkzdW6y1Ci1A2uTvxhfzg==",
        "dependencies": {}
      },
      "@img/sharp-win32-x64@0.33.0": {
        "integrity": "sha512-i3DtP/2ce1yKFj4OzOnOYltOEL/+dp4dc4dJXJBv6god1AFTcmkaA99H/7SwOmkCOBQkbVvA3lCGm3/5nDtf9Q==",
        "dependencies": {}
      },
      "@mongodb-js/saslprep@1.1.9": {
        "integrity": "sha512-tVkljjeEaAhCqTzajSdgbQ6gE6f3oneVwa3iXR6csiEwXXOFsiC6Uh9iAjAhXPtqa/XMDHWjjeNH/77m/Yq2dw==",
        "dependencies": {
          "sparse-bitfield": "sparse-bitfield@3.0.3"
        }
      },
      "@types/json-schema@7.0.15": {
        "integrity": "sha512-5+fP8P8MFNC+AyZCDxrB2pkZFPGzqQWUzpSeuuVLvm8VMcorNYavBqoFcxK8bQz4Qsbn4oUEEem4wDLfcysGHA==",
        "dependencies": {}
      },
      "@types/node@18.16.19": {
        "integrity": "sha512-IXl7o+R9iti9eBW4Wg2hx1xQDig183jj7YLn8F7udNceyfkbn1ZxmzZXuak20gR40D7pIkIY1kYGx5VIGbaHKA==",
        "dependencies": {}
      },
      "@types/webidl-conversions@7.0.3": {
        "integrity": "sha512-CiJJvcRtIgzadHCYXw7dqEnMNRjhGZlYK05Mj9OyktqV8uVT8fD2BFOB7S1uwBE3Kj2Z+4UyPmFw/Ixgw/LAlA==",
        "dependencies": {}
      },
      "@types/whatwg-url@11.0.5": {
        "integrity": "sha512-coYR071JRaHa+xoEvvYqvnIHaVqaYrLPbsufM9BF63HkwI5Lgmy2QR8Q5K/lYDYo5AK82wOvSOS0UsLTpTG7uQ==",
        "dependencies": {
          "@types/webidl-conversions": "@types/webidl-conversions@7.0.3"
        }
      },
      "agent-base@7.1.1": {
        "integrity": "sha512-H0TSyFNDMomMNJQBn8wFV5YC/2eJ+VXECwOadZJT554xP6cODZHPX3H9QMQECxvrgiSOP1pHjy1sMWQVYJOUOA==",
        "dependencies": {
          "debug": "debug@4.3.7"
        }
      },
      "ajv@8.17.1": {
        "integrity": "sha512-B/gBuNg5SiMTrPkC+A2+cW0RszwxYmn6VYxB/inlBStS5nx6xHIt/ehKRhIMhqusl7a8LjQoZnjCs5vhwxOQ1g==",
        "dependencies": {
          "fast-deep-equal": "fast-deep-equal@3.1.3",
          "fast-uri": "fast-uri@3.0.2",
          "json-schema-traverse": "json-schema-traverse@1.0.0",
          "require-from-string": "require-from-string@2.0.2"
        }
      },
      "asn1.js@5.4.1": {
        "integrity": "sha512-+I//4cYPccV8LdmBLiX8CYvf9Sp3vQsrqu2QNXRcrbiWvcx/UdlFiqUJJzxRQxgsZmvhXhn4cSKeSmoFjVdupA==",
        "dependencies": {
          "bn.js": "bn.js@4.12.0",
          "inherits": "inherits@2.0.4",
          "minimalistic-assert": "minimalistic-assert@1.0.1",
          "safer-buffer": "safer-buffer@2.1.2"
        }
      },
      "base64-js@1.5.1": {
        "integrity": "sha512-AKpaYlHn8t4SVbOHCy+b5+KKgvR4vrsD8vbvrbiQJps7fKDTkjkDry6ji0rUJjC0kzbNePLwzxq8iypo41qeWA==",
        "dependencies": {}
      },
      "bignumber.js@9.1.2": {
        "integrity": "sha512-2/mKyZH9K85bzOEfhXDBFZTGd1CTs+5IHpeFQo9luiBG7hghdC851Pj2WAhb6E3R6b9tZj/XKhbg4fum+Kepug==",
        "dependencies": {}
      },
      "bn.js@4.12.0": {
        "integrity": "sha512-c98Bf3tPniI+scsdk237ku1Dc3ujXQTSgyiPUDEOe7tRkhrqridvh8klBv0HCEso1OLOYcHuCv/cS6DNxKH+ZA==",
        "dependencies": {}
      },
      "bson@6.8.0": {
        "integrity": "sha512-iOJg8pr7wq2tg/zSlCCHMi3hMm5JTOxLTagf3zxhcenHsFp+c6uOs6K7W5UE7A4QIJGtqh/ZovFNMP4mOPJynQ==",
        "dependencies": {}
      },
      "buffer-equal-constant-time@1.0.1": {
        "integrity": "sha512-zRpUiDwd/xk6ADqPMATG8vc9VPrkck7T07OIx0gnjmJAnHnTVXNQG3vfvWNuiZIkwu9KrKdA1iJKfsfTVxE6NA==",
        "dependencies": {}
      },
      "call-bind@1.0.7": {
        "integrity": "sha512-GHTSNSYICQ7scH7sZ+M2rFopRoLh8t2bLSW6BbgrtLsahOIB5iyAVJf9GjWK3cYTDaMj4XdBpM1cA6pIS0Kv2w==",
        "dependencies": {
          "es-define-property": "es-define-property@1.0.0",
          "es-errors": "es-errors@1.3.0",
          "function-bind": "function-bind@1.1.2",
          "get-intrinsic": "get-intrinsic@1.2.4",
          "set-function-length": "set-function-length@1.2.2"
        }
      },
      "color-convert@2.0.1": {
        "integrity": "sha512-RRECPsj7iu/xb5oKYcsFHSppFNnsj/52OVTRKb4zP5onXwVF3zVmmToNcOfGC+CRDpfK/U584fMg38ZHCaElKQ==",
        "dependencies": {
          "color-name": "color-name@1.1.4"
        }
      },
      "color-name@1.1.4": {
        "integrity": "sha512-dOy+3AuW3a2wNbZHIuMZpTcgjGuLU/uBL/ubcZF9OXbDo8ff4O8yVp5Bf0efS8uEoYo5q4Fx7dY9OgQGXgAsQA==",
        "dependencies": {}
      },
      "color-string@1.9.1": {
        "integrity": "sha512-shrVawQFojnZv6xM40anx4CkoDP+fZsw/ZerEMsW/pyzsRbElpsL/DBVW7q3ExxwusdNXI3lXpuhEZkzs8p5Eg==",
        "dependencies": {
          "color-name": "color-name@1.1.4",
          "simple-swizzle": "simple-swizzle@0.2.2"
        }
      },
      "color@4.2.3": {
        "integrity": "sha512-1rXeuUUiGGrykh+CeBdu5Ie7OJwinCgQY0bc7GCRxy5xVHy+moaqkpL/jqQq0MtQOeYcrqEz4abc5f0KtU7W4A==",
        "dependencies": {
          "color-convert": "color-convert@2.0.1",
          "color-string": "color-string@1.9.1"
        }
      },
      "debug@4.3.7": {
        "integrity": "sha512-Er2nc/H7RrMXZBFCEim6TCmMk02Z8vLC2Rbi1KEBggpo0fS6l0S1nnapwmIi3yW/+GOJap1Krg4w0Hg80oCqgQ==",
        "dependencies": {
          "ms": "ms@2.1.3"
        }
      },
      "define-data-property@1.1.4": {
        "integrity": "sha512-rBMvIzlpA8v6E+SJZoo++HAYqsLrkg7MSfIinMPFhmkorw7X+dOXVJQs+QT69zGkzMyfDnIMN2Wid1+NbL3T+A==",
        "dependencies": {
          "es-define-property": "es-define-property@1.0.0",
          "es-errors": "es-errors@1.3.0",
          "gopd": "gopd@1.0.1"
        }
      },
      "detect-libc@2.0.3": {
        "integrity": "sha512-bwy0MGW55bG41VqxxypOsdSdGqLwXPI/focwgTYCFMbdUiBAxLg9CFzG08sz2aqzknwiX7Hkl0bQENjg8iLByw==",
        "dependencies": {}
      },
      "ecdsa-sig-formatter@1.0.11": {
        "integrity": "sha512-nagl3RYrbNv6kQkeJIpt6NJZy8twLB/2vtz6yN9Z4vRKHN4/QZJIEbqohALSgwKdnksuY3k5Addp5lg8sVoVcQ==",
        "dependencies": {
          "safe-buffer": "safe-buffer@5.2.1"
        }
      },
      "es-define-property@1.0.0": {
        "integrity": "sha512-jxayLKShrEqqzJ0eumQbVhTYQM27CfT1T35+gCgDFoL82JLsXqTJ76zv6A0YLOgEnLUMvLzsDsGIrl8NFpT2gQ==",
        "dependencies": {
          "get-intrinsic": "get-intrinsic@1.2.4"
        }
      },
      "es-errors@1.3.0": {
        "integrity": "sha512-Zf5H2Kxt2xjTvbJvP2ZWLEICxA6j+hAmMzIlypy4xcBg1vKVnx89Wy0GbS+kf5cwCVFFzdCFh2XSCFNULS6csw==",
        "dependencies": {}
      },
      "extend@3.0.2": {
        "integrity": "sha512-fjquC59cD7CyW6urNXK0FBufkZcoiGG80wTuPujX590cB5Ttln20E2UB4S/WARVqhXffZl2LNgS+gQdPIIim/g==",
        "dependencies": {}
      },
      "fast-deep-equal@3.1.3": {
        "integrity": "sha512-f3qQ9oQy9j2AhBe/H9VC91wLmKBCCU/gDOnKNAYG5hswO7BLKj09Hc5HYNz9cGI++xlpDCIgDaitVs03ATR84Q==",
        "dependencies": {}
      },
      "fast-uri@3.0.2": {
        "integrity": "sha512-GR6f0hD7XXyNJa25Tb9BuIdN0tdr+0BMi6/CJPH3wJO1JjNG3n/VsSw38AwRdKZABm8lGbPfakLRkYzx2V9row==",
        "dependencies": {}
      },
      "function-bind@1.1.2": {
        "integrity": "sha512-7XHNxH7qX9xG5mIwxkhumTox/MIRNcOgDrxWsMt2pAr23WHp6MrRlN7FBSFpCpr+oVO0F744iUgR82nJMfG2SA==",
        "dependencies": {}
      },
      "gaxios@6.7.1": {
        "integrity": "sha512-LDODD4TMYx7XXdpwxAVRAIAuB0bzv0s+ywFonY46k126qzQHT9ygyoa9tncmOiQmmDrik65UYsEkv3lbfqQ3yQ==",
        "dependencies": {
          "extend": "extend@3.0.2",
          "https-proxy-agent": "https-proxy-agent@7.0.5",
          "is-stream": "is-stream@2.0.1",
          "node-fetch": "node-fetch@2.7.0",
          "uuid": "uuid@9.0.1"
        }
      },
      "gcp-metadata@6.1.0": {
        "integrity": "sha512-Jh/AIwwgaxan+7ZUUmRLCjtchyDiqh4KjBJ5tW3plBZb5iL/BPcso8A5DlzeD9qlw0duCamnNdpFjxwaT0KyKg==",
        "dependencies": {
          "gaxios": "gaxios@6.7.1",
          "json-bigint": "json-bigint@1.0.0"
        }
      },
      "get-intrinsic@1.2.4": {
        "integrity": "sha512-5uYhsJH8VJBTv7oslg4BznJYhDoRI6waYCxMmCdnTrcCrHA/fCFKoTFz2JKKE0HdDFUF7/oQuhzumXJK7paBRQ==",
        "dependencies": {
          "es-errors": "es-errors@1.3.0",
          "function-bind": "function-bind@1.1.2",
          "has-proto": "has-proto@1.0.3",
          "has-symbols": "has-symbols@1.0.3",
          "hasown": "hasown@2.0.2"
        }
      },
      "google-auth-library@9.14.1": {
        "integrity": "sha512-Rj+PMjoNFGFTmtItH7gHfbHpGVSb3vmnGK3nwNBqxQF9NoBpttSZI/rc0WiM63ma2uGDQtYEkMHkK9U6937NiA==",
        "dependencies": {
          "base64-js": "base64-js@1.5.1",
          "ecdsa-sig-formatter": "ecdsa-sig-formatter@1.0.11",
          "gaxios": "gaxios@6.7.1",
          "gcp-metadata": "gcp-metadata@6.1.0",
          "gtoken": "gtoken@7.1.0",
          "jws": "jws@4.0.0"
        }
      },
      "gopd@1.0.1": {
        "integrity": "sha512-d65bNlIadxvpb/A2abVdlqKqV563juRnZ1Wtk6s1sIR8uNsXR70xqIzVqxVf1eTqDunwT2MkczEeaezCKTZhwA==",
        "dependencies": {
          "get-intrinsic": "get-intrinsic@1.2.4"
        }
      },
      "gtoken@7.1.0": {
        "integrity": "sha512-pCcEwRi+TKpMlxAQObHDQ56KawURgyAf6jtIY046fJ5tIv3zDe/LEIubckAO8fj6JnAxLdmWkUfNyulQ2iKdEw==",
        "dependencies": {
          "gaxios": "gaxios@6.7.1",
          "jws": "jws@4.0.0"
        }
      },
      "has-property-descriptors@1.0.2": {
        "integrity": "sha512-55JNKuIW+vq4Ke1BjOTjM2YctQIvCT7GFzHwmfZPGo5wnrgkid0YQtnAleFSqumZm4az3n2BS+erby5ipJdgrg==",
        "dependencies": {
          "es-define-property": "es-define-property@1.0.0"
        }
      },
      "has-proto@1.0.3": {
        "integrity": "sha512-SJ1amZAJUiZS+PhsVLf5tGydlaVB8EdFpaSO4gmiUKUOxk8qzn5AIy4ZeJUmh22znIdk/uMAUT2pl3FxzVUH+Q==",
        "dependencies": {}
      },
      "has-symbols@1.0.3": {
        "integrity": "sha512-l3LCuF6MgDNwTDKkdYGEihYjt5pRPbEg46rtlmnSPlUbgmB8LOIrKJbYYFBSbnPaJexMKtiPO8hmeRjRz2Td+A==",
        "dependencies": {}
      },
      "hasown@2.0.2": {
        "integrity": "sha512-0hJU9SCPvmMzIBdZFqNPXWa6dqh7WdH0cII9y+CyS8rG3nL48Bclra9HmKhVVUHyPWNH5Y7xDwAB7bfgSjkUMQ==",
        "dependencies": {
          "function-bind": "function-bind@1.1.2"
        }
      },
      "http_ece@1.2.0": {
        "integrity": "sha512-JrF8SSLVmcvc5NducxgyOrKXe3EsyHMgBFgSaIUGmArKe+rwr0uphRkRXvwiom3I+fpIfoItveHrfudL8/rxuA==",
        "dependencies": {}
      },
      "https-proxy-agent@7.0.5": {
        "integrity": "sha512-1e4Wqeblerz+tMKPIq2EMGiiWW1dIjZOksyHWSUm1rmuvw/how9hBHZ38lAGj5ID4Ik6EdkOw7NmWPy6LAwalw==",
        "dependencies": {
          "agent-base": "agent-base@7.1.1",
          "debug": "debug@4.3.7"
        }
      },
      "inherits@2.0.4": {
        "integrity": "sha512-k/vGaX4/Yla3WzyMCvTQOXYeIHvqOKtnqBduzTHpzpQZzAskKMhZ2K+EnBiSM9zGSoIFeMpXKxa4dYeZIQqewQ==",
        "dependencies": {}
      },
      "is-arrayish@0.3.2": {
        "integrity": "sha512-eVRqCvVlZbuw3GrM63ovNSNAeA1K16kaR/LRY/92w0zxQ5/1YzwblUX652i4Xs9RwAGjW9d9y6X88t8OaAJfWQ==",
        "dependencies": {}
      },
      "is-stream@2.0.1": {
        "integrity": "sha512-hFoiJiTl63nn+kstHGBtewWSKnQLpyb155KHheA1l39uvtO9nWIop1p3udqPcUd/xbF1VLMO4n7OI6p7RbngDg==",
        "dependencies": {}
      },
      "json-bigint@1.0.0": {
        "integrity": "sha512-SiPv/8VpZuWbvLSMtTDU8hEfrZWg/mH/nV/b4o0CYbSxu1UIQPLdwKOCIyLQX+VIPO5vrLX3i8qtqFyhdPSUSQ==",
        "dependencies": {
          "bignumber.js": "bignumber.js@9.1.2"
        }
      },
      "json-schema-traverse@1.0.0": {
        "integrity": "sha512-NM8/P9n3XjXhIZn1lLhkFaACTOURQXjWhV4BA/RnOv8xvgqtqpAX9IO4mRQxSx1Rlo4tqzeqb0sOlruaOy3dug==",
        "dependencies": {}
      },
      "jwa@2.0.0": {
        "integrity": "sha512-jrZ2Qx916EA+fq9cEAeCROWPTfCwi1IVHqT2tapuqLEVVDKFDENFw1oL+MwrTvH6msKxsd1YTDVw6uKEcsrLEA==",
        "dependencies": {
          "buffer-equal-constant-time": "buffer-equal-constant-time@1.0.1",
          "ecdsa-sig-formatter": "ecdsa-sig-formatter@1.0.11",
          "safe-buffer": "safe-buffer@5.2.1"
        }
      },
      "jws@4.0.0": {
        "integrity": "sha512-KDncfTmOZoOMTFG4mBlG0qUIOlc03fmzH+ru6RgYVZhPkyiy/92Owlt/8UEN+a4TXR1FQetfIpJE8ApdvdVxTg==",
        "dependencies": {
          "jwa": "jwa@2.0.0",
          "safe-buffer": "safe-buffer@5.2.1"
        }
      },
      "memory-pager@1.5.0": {
        "integrity": "sha512-ZS4Bp4r/Zoeq6+NLJpP+0Zzm0pR8whtGPf1XExKLJBAczGMnSi3It14OiNCStjQjM6NU1okjQGSxgEZN8eBYKg==",
        "dependencies": {}
      },
      "minimalistic-assert@1.0.1": {
        "integrity": "sha512-UtJcAD4yEaGtjPezWuO9wC4nwUnVH/8/Im3yEHQP4b67cXlD/Qr9hdITCU1xDbSEXg2XKNaP8jsReV7vQd00/A==",
        "dependencies": {}
      },
      "minimist@1.2.8": {
        "integrity": "sha512-2yyAR8qBkN3YuheJanUpWC5U3bb5osDywNB8RzDVlDwDHbocAJveqqj1u8+SVD7jkWT4yvsHCpWqqWqAxb0zCA==",
        "dependencies": {}
      },
      "mongodb-connection-string-url@3.0.1": {
        "integrity": "sha512-XqMGwRX0Lgn05TDB4PyG2h2kKO/FfWJyCzYQbIhXUxz7ETt0I/FqHjUeqj37irJ+Dl1ZtU82uYyj14u2XsZKfg==",
        "dependencies": {
          "@types/whatwg-url": "@types/whatwg-url@11.0.5",
          "whatwg-url": "whatwg-url@13.0.0"
        }
      },
      "mongodb@6.9.0": {
        "integrity": "sha512-UMopBVx1LmEUbW/QE0Hw18u583PEDVQmUmVzzBRH0o/xtE9DBRA5ZYLOjpLIa03i8FXjzvQECJcqoMvCXftTUA==",
        "dependencies": {
          "@mongodb-js/saslprep": "@mongodb-js/saslprep@1.1.9",
          "bson": "bson@6.8.0",
          "mongodb-connection-string-url": "mongodb-connection-string-url@3.0.1"
        }
      },
      "ms@2.1.3": {
        "integrity": "sha512-6FlzubTLZG3J2a/NVCAleEhjzq5oxgHyaCU9yYXvcLsvoVaHJq/s5xXI6/XXP6tz7R9xAOtHnSO/tXtF3WRTlA==",
        "dependencies": {}
      },
      "node-fetch@2.7.0": {
        "integrity": "sha512-c4FRfUm/dbcWZ7U+1Wq0AwCyFL+3nt2bEw05wfxSz+DWpWsitgmSgYmy2dQdWyKC1694ELPqMs/YzUSNozLt8A==",
        "dependencies": {
          "whatwg-url": "whatwg-url@5.0.0"
        }
      },
      "object-inspect@1.13.2": {
        "integrity": "sha512-IRZSRuzJiynemAXPYtPe5BoI/RESNYR7TYm50MC5Mqbd3Jmw5y790sErYw3V6SryFJD64b74qQQs9wn5Bg/k3g==",
        "dependencies": {}
      },
      "punycode@2.3.1": {
        "integrity": "sha512-vYt7UD1U9Wg6138shLtLOvdAu+8DsC/ilFtEVHcH+wydcSpNE20AfSOduf6MkRFahL5FY7X1oU7nKVZFtfq8Fg==",
        "dependencies": {}
      },
      "qs@6.13.0": {
        "integrity": "sha512-+38qI9SOr8tfZ4QmJNplMUxqjbe7LKvvZgWdExBOmd+egZTtjLB67Gu0HRX3u/XOq7UU2Nx6nsjvS16Z9uwfpg==",
        "dependencies": {
          "side-channel": "side-channel@1.0.6"
        }
      },
      "require-from-string@2.0.2": {
        "integrity": "sha512-Xf0nWe6RseziFMu+Ap9biiUbmplq6S9/p+7w7YXP/JBHhrUDDUhwa+vANyubuqfZWTveU//DYVGsDG7RKL/vEw==",
        "dependencies": {}
      },
      "safe-buffer@5.2.1": {
        "integrity": "sha512-rp3So07KcdmmKbGvgaNxQSJr7bGVSVk5S9Eq1F+ppbRo70+YeaDxkw5Dd8NPN+GD6bjnYm2VuPuCXmpuYvmCXQ==",
        "dependencies": {}
      },
      "safer-buffer@2.1.2": {
        "integrity": "sha512-YZo3K82SD7Riyi0E1EQPojLz7kpepnSQI9IyPbHHg1XXXevb5dJI7tpyN2ADxGcQbHG7vcyRHk0cbwqcQriUtg==",
        "dependencies": {}
      },
      "semver@7.6.3": {
        "integrity": "sha512-oVekP1cKtI+CTDvHWYFUcMtsK/00wmAEfyqKfNdARm8u1wNVhSgaX7A8d4UuIlUI5e84iEwOhs7ZPYRmzU9U6A==",
        "dependencies": {}
      },
      "set-function-length@1.2.2": {
        "integrity": "sha512-pgRc4hJ4/sNjWCSS9AmnS40x3bNMDTknHgL5UaMBTMyJnU90EgWh1Rz+MC9eFu4BuN/UwZjKQuY/1v3rM7HMfg==",
        "dependencies": {
          "define-data-property": "define-data-property@1.1.4",
          "es-errors": "es-errors@1.3.0",
          "function-bind": "function-bind@1.1.2",
          "get-intrinsic": "get-intrinsic@1.2.4",
          "gopd": "gopd@1.0.1",
          "has-property-descriptors": "has-property-descriptors@1.0.2"
        }
      },
      "sharp@0.33.0": {
        "integrity": "sha512-99DZKudjm/Rmz+M0/26t4DKpXyywAOJaayGS9boEn7FvgtG0RYBi46uPE2c+obcJRtA3AZa0QwJot63gJQ1F0Q==",
        "dependencies": {
          "@img/sharp-darwin-arm64": "@img/sharp-darwin-arm64@0.33.0",
          "@img/sharp-darwin-x64": "@img/sharp-darwin-x64@0.33.0",
          "@img/sharp-libvips-darwin-arm64": "@img/sharp-libvips-darwin-arm64@1.0.0",
          "@img/sharp-libvips-darwin-x64": "@img/sharp-libvips-darwin-x64@1.0.0",
          "@img/sharp-libvips-linux-arm": "@img/sharp-libvips-linux-arm@1.0.0",
          "@img/sharp-libvips-linux-arm64": "@img/sharp-libvips-linux-arm64@1.0.0",
          "@img/sharp-libvips-linux-s390x": "@img/sharp-libvips-linux-s390x@1.0.0",
          "@img/sharp-libvips-linux-x64": "@img/sharp-libvips-linux-x64@1.0.0",
          "@img/sharp-libvips-linuxmusl-arm64": "@img/sharp-libvips-linuxmusl-arm64@1.0.0",
          "@img/sharp-libvips-linuxmusl-x64": "@img/sharp-libvips-linuxmusl-x64@1.0.0",
          "@img/sharp-linux-arm": "@img/sharp-linux-arm@0.33.0",
          "@img/sharp-linux-arm64": "@img/sharp-linux-arm64@0.33.0",
          "@img/sharp-linux-s390x": "@img/sharp-linux-s390x@0.33.0",
          "@img/sharp-linux-x64": "@img/sharp-linux-x64@0.33.0",
          "@img/sharp-linuxmusl-arm64": "@img/sharp-linuxmusl-arm64@0.33.0",
          "@img/sharp-linuxmusl-x64": "@img/sharp-linuxmusl-x64@0.33.0",
          "@img/sharp-wasm32": "@img/sharp-wasm32@0.33.0",
          "@img/sharp-win32-ia32": "@img/sharp-win32-ia32@0.33.0",
          "@img/sharp-win32-x64": "@img/sharp-win32-x64@0.33.0",
          "color": "color@4.2.3",
          "detect-libc": "detect-libc@2.0.3",
          "semver": "semver@7.6.3"
        }
      },
      "side-channel@1.0.6": {
        "integrity": "sha512-fDW/EZ6Q9RiO8eFG8Hj+7u/oW+XrPTIChwCOM2+th2A6OblDtYYIpve9m+KvI9Z4C9qSEXlaGR6bTEYHReuglA==",
        "dependencies": {
          "call-bind": "call-bind@1.0.7",
          "es-errors": "es-errors@1.3.0",
          "get-intrinsic": "get-intrinsic@1.2.4",
          "object-inspect": "object-inspect@1.13.2"
        }
      },
      "simple-swizzle@0.2.2": {
        "integrity": "sha512-JA//kQgZtbuY83m+xT+tXJkmJncGMTFT+C+g2h2R9uxkYIrE2yy9sgmcLhCnw57/WSD+Eh3J97FPEDFnbXnDUg==",
        "dependencies": {
          "is-arrayish": "is-arrayish@0.3.2"
        }
      },
      "sparse-bitfield@3.0.3": {
        "integrity": "sha512-kvzhi7vqKTfkh0PZU+2D2PIllw2ymqJKujUcyPMd9Y75Nv4nPbGJZXNhxsgdQab2BmlDct1YnfQCguEvHr7VsQ==",
        "dependencies": {
          "memory-pager": "memory-pager@1.5.0"
        }
      },
      "tr46@0.0.3": {
        "integrity": "sha512-N3WMsuqV66lT30CrXNbEjx4GEwlow3v6rr4mCcv6prnfwhS01rkgyFdjPNBYd9br7LpXV1+Emh01fHnq2Gdgrw==",
        "dependencies": {}
      },
      "tr46@4.1.1": {
        "integrity": "sha512-2lv/66T7e5yNyhAAC4NaKe5nVavzuGJQVVtRYLyQ2OI8tsJ61PMLlelehb0wi2Hx6+hT/OJUWZcw8MjlSRnxvw==",
        "dependencies": {
          "punycode": "punycode@2.3.1"
        }
      },
      "tslib@2.7.0": {
        "integrity": "sha512-gLXCKdN1/j47AiHiOkJN69hJmcbGTHI0ImLmbYLHykhgeN0jVGola9yVjFgzCUklsZQMW55o+dW7IXv3RCXDzA==",
        "dependencies": {}
      },
      "uuid@9.0.1": {
        "integrity": "sha512-b+1eJOlsR9K8HJpow9Ok3fiWOWSIcIzXodvv0rQjVoOVNpWMpxf1wZNpt4y9h10odCNrqnYp1OBzRktckBe3sA==",
        "dependencies": {}
      },
      "valibot@0.31.1": {
        "integrity": "sha512-2YYIhPrnVSz/gfT2/iXVTrSj92HwchCt9Cga/6hX4B26iCz9zkIsGTS0HjDYTZfTi1Un0X6aRvhBi1cfqs/i0Q==",
        "dependencies": {}
      },
      "web-push@3.6.7": {
        "integrity": "sha512-OpiIUe8cuGjrj3mMBFWY+e4MMIkW3SVT+7vEIjvD9kejGUypv8GPDf84JdPWskK8zMRIJ6xYGm+Kxr8YkPyA0A==",
        "dependencies": {
          "asn1.js": "asn1.js@5.4.1",
          "http_ece": "http_ece@1.2.0",
          "https-proxy-agent": "https-proxy-agent@7.0.5",
          "jws": "jws@4.0.0",
          "minimist": "minimist@1.2.8"
        }
      },
      "webidl-conversions@3.0.1": {
        "integrity": "sha512-2JAn3z8AR6rjK8Sm8orRC0h/bcl/DqL7tRPdGZ4I1CjdF+EaMLmYxBHyXuKL849eucPFhvBoxMsflfOb8kxaeQ==",
        "dependencies": {}
      },
      "webidl-conversions@7.0.0": {
        "integrity": "sha512-VwddBukDzu71offAQR975unBIGqfKZpM+8ZX6ySk8nYhVoo5CYaZyzt3YBvYtRtO+aoGlqxPg/B87NGVZ/fu6g==",
        "dependencies": {}
      },
      "whatwg-url@13.0.0": {
        "integrity": "sha512-9WWbymnqj57+XEuqADHrCJ2eSXzn8WXIW/YSGaZtb2WKAInQ6CHfaUUcTyyver0p8BDg5StLQq8h1vtZuwmOig==",
        "dependencies": {
          "tr46": "tr46@4.1.1",
          "webidl-conversions": "webidl-conversions@7.0.0"
        }
      },
      "whatwg-url@5.0.0": {
        "integrity": "sha512-saE57nupxk6v3HY35+jzBwYa0rKSy0XR8JSxZPwgLr7ys0IBzhGviA1/TUGJLmSVqs8pb9AnvICXEuOHLprYTw==",
        "dependencies": {
          "tr46": "tr46@0.0.3",
          "webidl-conversions": "webidl-conversions@3.0.1"
        }
      }
    }
  },
  "remote": {},
  "workspace": {
    "dependencies": [
      "jsr:@planigale/body-parser",
      "jsr:@planigale/planigale@0.6.3",
      "jsr:@planigale/schema",
      "jsr:@planigale/sse",
      "jsr:@planigale/testing@0.3.3",
      "jsr:@std/assert@^1.0.1",
      "jsr:@std/path@^1.0.2",
      "jsr:@std/uuid@^1.0.4",
      "npm:mongodb@^6.8.0",
      "npm:valibot@^0.36.0"
    ],
    "packageJson": {
      "dependencies": [
        "npm:@babel/plugin-syntax-class-properties@7.12.13",
        "npm:@babel/plugin-syntax-decorators@7.23.3",
        "npm:@babel/plugin-syntax-jsx@7.23.3",
        "npm:bcrypt@5.1.1",
        "npm:cz-conventional-changelog@3.3.0",
        "npm:express-session@1.17.3",
        "npm:migrate-mongo@11.0.0",
        "npm:mongodb@6.3.0",
        "npm:nodemon@3.0.2",
        "npm:npm-run-all@4.1.5",
        "npm:run-p@0.0.0",
        "npm:web-push@3.6.6"
      ]
    },
    "members": {
      "app": {
        "packageJson": {
          "dependencies": [
            "npm:@jsr/planigale__sse@0.2.1",
            "npm:@reduxjs/toolkit@2.2.3",
            "npm:@types/react-dom@^18.2.18",
            "npm:@types/react@^18.2.48",
            "npm:@types/serviceworker@0.0.85",
            "npm:@types/workbox-sw@4.3.7",
            "npm:@vitejs/plugin-basic-ssl@1.1.0",
            "npm:@vitejs/plugin-react@^4.2.1",
            "npm:eslint-plugin-react-hooks@^4.6.0",
            "npm:eslint-plugin-react-refresh@^0.4.5",
            "npm:eslint-plugin-react@^7.33.2",
            "npm:eslint@^8.55.0",
            "npm:fuse.js@7.0.0",
            "npm:prop-types@15.8.1",
            "npm:react-dom@18.2.0",
            "npm:react-redux@9.1.0",
            "npm:react-router-dom@6.26.2",
            "npm:react@18.2.0",
            "npm:socket.io-client@4.7.2",
            "npm:styled-components@6.1.1",
            "npm:typescript@5.4.5",
            "npm:vite-plugin-http2-proxy@0.4.3",
            "npm:vite-plugin-pwa@0.17.4",
            "npm:vite@^5.0.12",
            "npm:workbox-navigation-preload@7.0.0",
            "npm:workbox-precaching@7.0.0",
            "npm:workbox-routing@7.0.0",
            "npm:workbox-strategies@7.0.0"
          ]
        }
      },
      "deno/config": {
        "dependencies": [
          "jsr:@std/path@^1.0.0",
          "npm:web-push@^3.6.7"
        ]
      },
      "deno/server": {
        "dependencies": [
          "jsr:@oak/oak@^16.1.0",
          "jsr:@planigale/body-parser",
          "jsr:@planigale/planigale",
          "jsr:@planigale/schema",
          "jsr:@planigale/sse",
          "jsr:@planigale/testing",
          "jsr:@std/assert@^1.0.1",
          "jsr:@std/media-types@^1.0.2",
          "jsr:@std/path@^1.0.1",
          "jsr:@std/uuid@^1.0.4",
          "jsr:@ts-rex/bcrypt@^1.0.3",
          "npm:mongodb@^6.8.0",
          "npm:valibot@^0.31.1"
        ]
      },
      "deno/storage": {
        "dependencies": [
          "jsr:@planigale/body-parser",
          "jsr:@planigale/planigale",
          "jsr:@planigale/schema",
          "jsr:@planigale/sse",
          "jsr:@planigale/testing",
          "jsr:@std/assert@^1.0.0",
          "jsr:@std/media-types@^1.0.2",
          "jsr:@std/path@^1.0.1",
          "npm:@google-cloud/storage@7.6.0",
          "npm:@types/node@20.10.4",
          "npm:concat-stream@2.0.0",
          "npm:mongodb@6.3.0",
          "npm:sharp@0.33.0"
        ]
      }
    }
  }
}
