{
  "version": "3",
  "packages": {
    "specifiers": {
      "jsr:@codecat/planigale": "jsr:@codecat/planigale@0.1.0",
      "jsr:@codecat/planigale@0.1.4": "jsr:@codecat/planigale@0.1.4",
      "npm:@types/json-schema": "npm:@types/json-schema@7.0.15",
      "npm:@types/json-schema@^7.0.15": "npm:@types/json-schema@7.0.15",
      "npm:ajv": "npm:ajv@8.16.0",
      "npm:ajv@^8.16.0": "npm:ajv@8.16.0",
      "npm:qs": "npm:qs@6.12.2",
      "npm:qs@^6.12.2": "npm:qs@6.12.2"
    },
    "jsr": {
      "@codecat/planigale@0.1.0": {
        "integrity": "6860de95c2b49311ba31e287caa5e3fe0fd65143a790df20b089e81f743e9fbb",
        "dependencies": [
          "npm:@types/json-schema@^7.0.15",
          "npm:ajv@^8.16.0",
          "npm:qs@^6.12.2"
        ]
      },
      "@codecat/planigale@0.1.1": {
        "integrity": "19cbecc02c5d1b001e8184ca82920986f20c0e159908e094a9be7b2110ed2932",
        "dependencies": [
          "npm:@types/json-schema@^7.0.15",
          "npm:ajv@^8.16.0",
          "npm:qs@^6.12.2"
        ]
      },
      "@codecat/planigale@0.1.4": {
        "integrity": "c0d63784834a7e05482b20686c959f47e782f48f4a434e0a31b1e1508e253d65",
        "dependencies": [
          "npm:ajv@^8.16.0",
          "npm:qs@^6.12.2"
        ]
      }
    },
    "npm": {
      "@types/json-schema@7.0.15": {
        "integrity": "sha512-5+fP8P8MFNC+AyZCDxrB2pkZFPGzqQWUzpSeuuVLvm8VMcorNYavBqoFcxK8bQz4Qsbn4oUEEem4wDLfcysGHA==",
        "dependencies": {}
      },
      "ajv@8.16.0": {
        "integrity": "sha512-F0twR8U1ZU67JIEtekUcLkXkoO5mMMmgGD8sK/xUFzJ805jxHQl92hImFAqqXMyMYjSPOyUPAwHYhB72g5sTXw==",
        "dependencies": {
          "fast-deep-equal": "fast-deep-equal@3.1.3",
          "json-schema-traverse": "json-schema-traverse@1.0.0",
          "require-from-string": "require-from-string@2.0.2",
          "uri-js": "uri-js@4.4.1"
        }
      },
      "call-bind@1.0.7": {
        "integrity": "sha512-GHTSNSYICQ7scH7sZ+M2rFopRoLh8t2bLSW6BbgrtLsahOIB5iyAVJf9GjWK3cYTDaMj4XdBpM1cA6pIS0Kv2w==",
        "dependencies": {
          "es-define-property": "es-define-property@1.0.0",
          "es-errors": "es-errors@1.3.0",
          "function-bind": "function-bind@1.1.2",
          "get-intrinsic": "get-intrinsic@1.2.4",
          "set-function-length": "set-function-length@1.2.2"
        }
      },
      "define-data-property@1.1.4": {
        "integrity": "sha512-rBMvIzlpA8v6E+SJZoo++HAYqsLrkg7MSfIinMPFhmkorw7X+dOXVJQs+QT69zGkzMyfDnIMN2Wid1+NbL3T+A==",
        "dependencies": {
          "es-define-property": "es-define-property@1.0.0",
          "es-errors": "es-errors@1.3.0",
          "gopd": "gopd@1.0.1"
        }
      },
      "es-define-property@1.0.0": {
        "integrity": "sha512-jxayLKShrEqqzJ0eumQbVhTYQM27CfT1T35+gCgDFoL82JLsXqTJ76zv6A0YLOgEnLUMvLzsDsGIrl8NFpT2gQ==",
        "dependencies": {
          "get-intrinsic": "get-intrinsic@1.2.4"
        }
      },
      "es-errors@1.3.0": {
        "integrity": "sha512-Zf5H2Kxt2xjTvbJvP2ZWLEICxA6j+hAmMzIlypy4xcBg1vKVnx89Wy0GbS+kf5cwCVFFzdCFh2XSCFNULS6csw==",
        "dependencies": {}
      },
      "fast-deep-equal@3.1.3": {
        "integrity": "sha512-f3qQ9oQy9j2AhBe/H9VC91wLmKBCCU/gDOnKNAYG5hswO7BLKj09Hc5HYNz9cGI++xlpDCIgDaitVs03ATR84Q==",
        "dependencies": {}
      },
      "function-bind@1.1.2": {
        "integrity": "sha512-7XHNxH7qX9xG5mIwxkhumTox/MIRNcOgDrxWsMt2pAr23WHp6MrRlN7FBSFpCpr+oVO0F744iUgR82nJMfG2SA==",
        "dependencies": {}
      },
      "get-intrinsic@1.2.4": {
        "integrity": "sha512-5uYhsJH8VJBTv7oslg4BznJYhDoRI6waYCxMmCdnTrcCrHA/fCFKoTFz2JKKE0HdDFUF7/oQuhzumXJK7paBRQ==",
        "dependencies": {
          "es-errors": "es-errors@1.3.0",
          "function-bind": "function-bind@1.1.2",
          "has-proto": "has-proto@1.0.3",
          "has-symbols": "has-symbols@1.0.3",
          "hasown": "hasown@2.0.2"
        }
      },
      "gopd@1.0.1": {
        "integrity": "sha512-d65bNlIadxvpb/A2abVdlqKqV563juRnZ1Wtk6s1sIR8uNsXR70xqIzVqxVf1eTqDunwT2MkczEeaezCKTZhwA==",
        "dependencies": {
          "get-intrinsic": "get-intrinsic@1.2.4"
        }
      },
      "has-property-descriptors@1.0.2": {
        "integrity": "sha512-55JNKuIW+vq4Ke1BjOTjM2YctQIvCT7GFzHwmfZPGo5wnrgkid0YQtnAleFSqumZm4az3n2BS+erby5ipJdgrg==",
        "dependencies": {
          "es-define-property": "es-define-property@1.0.0"
        }
      },
      "has-proto@1.0.3": {
        "integrity": "sha512-SJ1amZAJUiZS+PhsVLf5tGydlaVB8EdFpaSO4gmiUKUOxk8qzn5AIy4ZeJUmh22znIdk/uMAUT2pl3FxzVUH+Q==",
        "dependencies": {}
      },
      "has-symbols@1.0.3": {
        "integrity": "sha512-l3LCuF6MgDNwTDKkdYGEihYjt5pRPbEg46rtlmnSPlUbgmB8LOIrKJbYYFBSbnPaJexMKtiPO8hmeRjRz2Td+A==",
        "dependencies": {}
      },
      "hasown@2.0.2": {
        "integrity": "sha512-0hJU9SCPvmMzIBdZFqNPXWa6dqh7WdH0cII9y+CyS8rG3nL48Bclra9HmKhVVUHyPWNH5Y7xDwAB7bfgSjkUMQ==",
        "dependencies": {
          "function-bind": "function-bind@1.1.2"
        }
      },
      "json-schema-traverse@1.0.0": {
        "integrity": "sha512-NM8/P9n3XjXhIZn1lLhkFaACTOURQXjWhV4BA/RnOv8xvgqtqpAX9IO4mRQxSx1Rlo4tqzeqb0sOlruaOy3dug==",
        "dependencies": {}
      },
      "object-inspect@1.13.2": {
        "integrity": "sha512-IRZSRuzJiynemAXPYtPe5BoI/RESNYR7TYm50MC5Mqbd3Jmw5y790sErYw3V6SryFJD64b74qQQs9wn5Bg/k3g==",
        "dependencies": {}
      },
      "punycode@2.3.1": {
        "integrity": "sha512-vYt7UD1U9Wg6138shLtLOvdAu+8DsC/ilFtEVHcH+wydcSpNE20AfSOduf6MkRFahL5FY7X1oU7nKVZFtfq8Fg==",
        "dependencies": {}
      },
      "qs@6.12.2": {
        "integrity": "sha512-x+NLUpx9SYrcwXtX7ob1gnkSems4i/mGZX5SlYxwIau6RrUSODO89TR/XDGGpn5RPWSYIB+aSfuSlV5+CmbTBg==",
        "dependencies": {
          "side-channel": "side-channel@1.0.6"
        }
      },
      "require-from-string@2.0.2": {
        "integrity": "sha512-Xf0nWe6RseziFMu+Ap9biiUbmplq6S9/p+7w7YXP/JBHhrUDDUhwa+vANyubuqfZWTveU//DYVGsDG7RKL/vEw==",
        "dependencies": {}
      },
      "set-function-length@1.2.2": {
        "integrity": "sha512-pgRc4hJ4/sNjWCSS9AmnS40x3bNMDTknHgL5UaMBTMyJnU90EgWh1Rz+MC9eFu4BuN/UwZjKQuY/1v3rM7HMfg==",
        "dependencies": {
          "define-data-property": "define-data-property@1.1.4",
          "es-errors": "es-errors@1.3.0",
          "function-bind": "function-bind@1.1.2",
          "get-intrinsic": "get-intrinsic@1.2.4",
          "gopd": "gopd@1.0.1",
          "has-property-descriptors": "has-property-descriptors@1.0.2"
        }
      },
      "side-channel@1.0.6": {
        "integrity": "sha512-fDW/EZ6Q9RiO8eFG8Hj+7u/oW+XrPTIChwCOM2+th2A6OblDtYYIpve9m+KvI9Z4C9qSEXlaGR6bTEYHReuglA==",
        "dependencies": {
          "call-bind": "call-bind@1.0.7",
          "es-errors": "es-errors@1.3.0",
          "get-intrinsic": "get-intrinsic@1.2.4",
          "object-inspect": "object-inspect@1.13.2"
        }
      },
      "uri-js@4.4.1": {
        "integrity": "sha512-7rKUyy33Q1yc98pQ1DAmLtwX109F7TIfWlW1Ydo8Wl1ii1SeHieeh0HHfPeL2fMXK6z0s8ecKs9frCuLJvndBg==",
        "dependencies": {
          "punycode": "punycode@2.3.1"
        }
      }
    }
  },
  "remote": {},
  "workspace": {
    "packageJson": {
      "dependencies": [
        "npm:@babel/plugin-syntax-class-properties@7.12.13",
        "npm:@babel/plugin-syntax-decorators@7.23.3",
        "npm:@babel/plugin-syntax-jsx@7.23.3",
        "npm:bcrypt@5.1.1",
        "npm:cz-conventional-changelog@3.3.0",
        "npm:eslint-config-airbnb-base@15.0.0",
        "npm:eslint-config-preact@1.3.0",
        "npm:eslint-plugin-import@2.29.1",
        "npm:eslint@8.55.0",
        "npm:express-session@1.17.3",
        "npm:migrate-mongo@11.0.0",
        "npm:mongodb@6.3.0",
        "npm:nodemon@3.0.2",
        "npm:npm-run-all@4.1.5",
        "npm:run-p@0.0.0",
        "npm:web-push@3.6.6"
      ]
    },
    "members": {
      "config": {
        "packageJson": {
          "dependencies": [
            "npm:web-push@3.6.6"
          ]
        }
      },
      "deno_server": {
        "dependencies": [
          "jsr:@codecat/planigale@^0.1.0",
          "jsr:@oak/oak@^16.1.0",
          "npm:mongodb@^6.7.0",
          "npm:valibot@^0.31.1"
        ]
      },
      "packages/app": {
        "packageJson": {
          "dependencies": [
            "npm:@quack/config",
            "npm:@quack/rpc",
            "npm:@reduxjs/toolkit@2.2.3",
            "npm:@types/react-dom@^18.2.18",
            "npm:@types/react@^18.2.48",
            "npm:@types/serviceworker@0.0.85",
            "npm:@types/workbox-sw@4.3.7",
            "npm:@vitejs/plugin-react@^4.2.1",
            "npm:eslint-plugin-react-hooks@^4.6.0",
            "npm:eslint-plugin-react-refresh@^0.4.5",
            "npm:eslint-plugin-react@^7.33.2",
            "npm:eslint@^8.55.0",
            "npm:fuse.js@7.0.0",
            "npm:prop-types@15.8.1",
            "npm:react-dom@18.2.0",
            "npm:react-redux@9.1.0",
            "npm:react@18.2.0",
            "npm:socket.io-client@4.7.2",
            "npm:styled-components@6.1.1",
            "npm:typescript@5.4.5",
            "npm:vite-plugin-pwa@0.17.4",
            "npm:vite@^5.0.12",
            "npm:workbox-navigation-preload@7.0.0",
            "npm:workbox-precaching@7.0.0",
            "npm:workbox-routing@7.0.0",
            "npm:workbox-strategies@7.0.0"
          ]
        }
      },
      "packages/repo": {
        "packageJson": {
          "dependencies": [
            "npm:@types/node@20.10.4",
            "npm:@typescript-eslint/eslint-plugin@6.14.0",
            "npm:@typescript-eslint/parser@6.14.0",
            "npm:eslint@8.55.0",
            "npm:mongodb@6.3.0",
            "npm:typescript@5.4.5",
            "npm:zod@3.22.4"
          ]
        }
      },
      "packages/rpc": {
        "packageJson": {
          "dependencies": [
            "npm:@types/node@20.10.4",
            "npm:@typescript-eslint/eslint-plugin@6.14.0",
            "npm:@typescript-eslint/parser@6.14.0",
            "npm:eslint@8.55.0",
            "npm:socket.io-client@4.7.2",
            "npm:typescript@5.4.5"
          ]
        }
      },
      "packages/server": {
        "packageJson": {
          "dependencies": [
            "npm:@google-cloud/pubsub@4.1.0",
            "npm:@google-cloud/storage@7.7.0",
            "npm:@quack/config",
            "npm:@quack/repo",
            "npm:@quack/storage",
            "npm:bcrypt@5.1.1",
            "npm:body-parser@1.20.2",
            "npm:chai@4.3.10",
            "npm:compression@1.7.4",
            "npm:concat-stream@2.0.0",
            "npm:cookie@0.6.0",
            "npm:cors@2.8.5",
            "npm:express-rate-limit@7.1.5",
            "npm:express@4.19.2",
            "npm:helmet@7.1.0",
            "npm:joi@17.11.0",
            "npm:link-preview-js@3.0.5",
            "npm:mocha@10.2.0",
            "npm:mongodb@6.3.0",
            "npm:multer@1.4.5-lts.1",
            "npm:nodemon@3.0.2",
            "npm:npm-run-all@4.1.5",
            "npm:nyc@15.1.0",
            "npm:socket.io-client@4.7.2",
            "npm:socket.io@4.7.2",
            "npm:supertest@6.3.3",
            "npm:turbo@1.11.2",
            "npm:uid-safe@2.1.5",
            "npm:uuid@9.0.1",
            "npm:web-push@3.6.6"
          ]
        }
      },
      "packages/storage": {
        "packageJson": {
          "dependencies": [
            "npm:@google-cloud/storage@7.6.0",
            "npm:@quack/config",
            "npm:@types/node@20.10.4",
            "npm:@typescript-eslint/eslint-plugin@6.14.0",
            "npm:@typescript-eslint/parser@6.14.0",
            "npm:concat-stream@2.0.0",
            "npm:eslint@8.55.0",
            "npm:mongodb@6.3.0",
            "npm:sharp@0.33.0",
            "npm:typescript@5.4.5",
            "npm:uuid@9.0.1",
            "npm:zod@3.22.4"
          ]
        }
      }
    }
  }
}
